
Microsoft Visual Studio Solution File, Format Version 12.00
# Visual Studio Version 17
VisualStudioVersion = 17.7.34024.191
MinimumVisualStudioVersion = 10.0.40219.1
Project("{9A19103F-16F7-4668-BE54-9A1E7A4F7556}") = "MyVaccine.WebApi", "MyVaccine.WebApi\MyVaccine.WebApi.csproj", "{2F5D595A-13B1-4137-9FF8-CADEDA8A6658}"
EndProject
Project("{FAE04EC0-301F-11D3-BF4B-00C04F79EFBC}") = "ReverseEngineering", "ReverseEngineering\ReverseEngineering.csproj", "{933DF121-B823-4723-BC70-E6F0935D0073}"
EndProject
Global
	GlobalSection(SolutionConfigurationPlatforms) = preSolution
		Debug|Any CPU = Debug|Any CPU
		Release|Any CPU = Release|Any CPU
	EndGlobalSection
	GlobalSection(ProjectConfigurationPlatforms) = postSolution
		{2F5D595A-13B1-4137-9FF8-CADEDA8A6658}.Debug|Any CPU.ActiveCfg = Debug|Any CPU
		{2F5D595A-13B1-4137-9FF8-CADEDA8A6658}.Debug|Any CPU.Build.0 = Debug|Any CPU
		{2F5D595A-13B1-4137-9FF8-CADEDA8A6658}.Release|Any CPU.ActiveCfg = Release|Any CPU
		{2F5D595A-13B1-4137-9FF8-CADEDA8A6658}.Release|Any CPU.Build.0 = Release|Any CPU
		{933DF121-B823-4723-BC70-E6F0935D0073}.Debug|Any CPU.ActiveCfg = Debug|Any CPU
		{933DF121-B823-4723-BC70-E6F0935D0073}.Debug|Any CPU.Build.0 = Debug|Any CPU
		{933DF121-B823-4723-BC70-E6F0935D0073}.Release|Any CPU.ActiveCfg = Release|Any CPU
		{933DF121-B823-4723-BC70-E6F0935D0073}.Release|Any CPU.Build.0 = Release|Any CPU
	EndGlobalSection
	GlobalSection(SolutionProperties) = preSolution
		HideSolutionNode = FALSE
	EndGlobalSection
	GlobalSection(ExtensibilityGlobals) = postSolution
		SolutionGuid = {82E5B791-4584-495A-BA26-E2D89058C5E0}
	EndGlobalSection
EndGlobal
